{
  "requires": true,
  "lockfileVersion": 1,
  "dependencies": {
    "ccz": {
      "version": "0.1.0",
      "resolved": "https://registry.npmjs.org/ccz/-/ccz-0.1.0.tgz",
      "integrity": "sha512-adrf07gpCfU6Fj00IiKgCk2gYils1zauhc2j0DBDLus+IrlM3bZ1P4QVTuhnecJDz5i6c6oZ+X0nLVuZOtU3kw=="
    }
  }
}
